// !$*UTF8*$!
{
	archiveVersion = 1;
	classes = {
	};
	objectVersion = 50;
	objects = {

/* Begin PBXBuildFile section */
		E328297D21B983C700829E70 /* EventMonitor.swift in Sources */ = {isa = PBXBuildFile; fileRef = E328297C21B983C600829E70 /* EventMonitor.swift */; };
		E33A0E9E22F5E7B30022E3F2 /* WebKit.framework in Frameworks */ = {isa = PBXBuildFile; fileRef = E33A0E9D22F5E7B30022E3F2 /* WebKit.framework */; };
		E3F49D9A20DF1385006AFACE /* AppDelegate.swift in Sources */ = {isa = PBXBuildFile; fileRef = E3F49D9920DF1385006AFACE /* AppDelegate.swift */; };
		E3F49D9C20DF1385006AFACE /* ViewController.swift in Sources */ = {isa = PBXBuildFile; fileRef = E3F49D9B20DF1385006AFACE /* ViewController.swift */; };
		E3F49D9E20DF1387006AFACE /* Assets.xcassets in Resources */ = {isa = PBXBuildFile; fileRef = E3F49D9D20DF1387006AFACE /* Assets.xcassets */; };
		E3F49DA120DF1387006AFACE /* Main.storyboard in Resources */ = {isa = PBXBuildFile; fileRef = E3F49D9F20DF1387006AFACE /* Main.storyboard */; };
		E3F49DB820E043C2006AFACE /* CustomView.swift in Sources */ = {isa = PBXBuildFile; fileRef = E3F49DB720E043C2006AFACE /* CustomView.swift */; };
/* End PBXBuildFile section */

/* Begin PBXFileReference section */
		E328297C21B983C600829E70 /* EventMonitor.swift */ = {isa = PBXFileReference; fileEncoding = 4; lastKnownFileType = sourcecode.swift; path = EventMonitor.swift; sourceTree = "<group>"; };
		E33A0E9D22F5E7B30022E3F2 /* WebKit.framework */ = {isa = PBXFileReference; lastKnownFileType = wrapper.framework; name = WebKit.framework; path = System/Library/Frameworks/WebKit.framework; sourceTree = SDKROOT; };
		E3BFC04D244B914E008F8E9A /* DeniseApp-Bridging-Header.h */ = {isa = PBXFileReference; fileEncoding = 4; lastKnownFileType = sourcecode.c.h; path = "DeniseApp-Bridging-Header.h"; sourceTree = "<group>"; };
		E3F49D9620DF1385006AFACE /* DeniseApp.app */ = {isa = PBXFileReference; explicitFileType = wrapper.application; includeInIndex = 0; path = DeniseApp.app; sourceTree = BUILT_PRODUCTS_DIR; };
		E3F49D9920DF1385006AFACE /* AppDelegate.swift */ = {isa = PBXFileReference; lastKnownFileType = sourcecode.swift; path = AppDelegate.swift; sourceTree = "<group>"; };
		E3F49D9B20DF1385006AFACE /* ViewController.swift */ = {isa = PBXFileReference; lastKnownFileType = sourcecode.swift; path = ViewController.swift; sourceTree = "<group>"; };
		E3F49D9D20DF1387006AFACE /* Assets.xcassets */ = {isa = PBXFileReference; lastKnownFileType = folder.assetcatalog; path = Assets.xcassets; sourceTree = "<group>"; };
		E3F49DA020DF1387006AFACE /* Base */ = {isa = PBXFileReference; lastKnownFileType = file.storyboard; name = Base; path = Base.lproj/Main.storyboard; sourceTree = "<group>"; };
		E3F49DA220DF1387006AFACE /* Info.plist */ = {isa = PBXFileReference; lastKnownFileType = text.plist.xml; path = Info.plist; sourceTree = "<group>"; };
		E3F49DA320DF1387006AFACE /* DeniseApp.entitlements */ = {isa = PBXFileReference; lastKnownFileType = text.plist.entitlements; path = DeniseApp.entitlements; sourceTree = "<group>"; };
		E3F49DB720E043C2006AFACE /* CustomView.swift */ = {isa = PBXFileReference; lastKnownFileType = sourcecode.swift; path = CustomView.swift; sourceTree = "<group>"; };
/* End PBXFileReference section */

/* Begin PBXFrameworksBuildPhase section */
		E3F49D9320DF1385006AFACE /* Frameworks */ = {
			isa = PBXFrameworksBuildPhase;
			buildActionMask = 2147483647;
			files = (
				E33A0E9E22F5E7B30022E3F2 /* WebKit.framework in Frameworks */,
			);
			runOnlyForDeploymentPostprocessing = 0;
		};
/* End PBXFrameworksBuildPhase section */

/* Begin PBXGroup section */
		E33A0E9C22F5E7B20022E3F2 /* Frameworks */ = {
			isa = PBXGroup;
			children = (
				E33A0E9D22F5E7B30022E3F2 /* WebKit.framework */,
			);
			name = Frameworks;
			sourceTree = "<group>";
		};
		E3F49D8D20DF1385006AFACE = {
			isa = PBXGroup;
			children = (
				E3F49D9820DF1385006AFACE /* DeniseApp */,
				E3F49D9720DF1385006AFACE /* Products */,
				E33A0E9C22F5E7B20022E3F2 /* Frameworks */,
			);
			sourceTree = "<group>";
		};
		E3F49D9720DF1385006AFACE /* Products */ = {
			isa = PBXGroup;
			children = (
				E3F49D9620DF1385006AFACE /* DeniseApp.app */,
			);
			name = Products;
			sourceTree = "<group>";
		};
		E3F49D9820DF1385006AFACE /* DeniseApp */ = {
			isa = PBXGroup;
			children = (
				E3BFC04D244B914E008F8E9A /* DeniseApp-Bridging-Header.h */,
				E3F49D9B20DF1385006AFACE /* ViewController.swift */,
				E3F49DB720E043C2006AFACE /* CustomView.swift */,
				E3F49D9920DF1385006AFACE /* AppDelegate.swift */,
				E328297C21B983C600829E70 /* EventMonitor.swift */,
				E3F49D9D20DF1387006AFACE /* Assets.xcassets */,
				E3F49D9F20DF1387006AFACE /* Main.storyboard */,
				E3F49DA220DF1387006AFACE /* Info.plist */,
				E3F49DA320DF1387006AFACE /* DeniseApp.entitlements */,
			);
			path = DeniseApp;
			sourceTree = "<group>";
		};
/* End PBXGroup section */

/* Begin PBXNativeTarget section */
		E3F49D9520DF1385006AFACE /* DeniseApp */ = {
			isa = PBXNativeTarget;
			buildConfigurationList = E3F49DA620DF1387006AFACE /* Build configuration list for PBXNativeTarget "DeniseApp" */;
			buildPhases = (
				E3F49D9220DF1385006AFACE /* Sources */,
				E3F49D9320DF1385006AFACE /* Frameworks */,
				E3F49D9420DF1385006AFACE /* Resources */,
			);
			buildRules = (
			);
			dependencies = (
			);
			name = DeniseApp;
			productName = DeniseApp;
			productReference = E3F49D9620DF1385006AFACE /* DeniseApp.app */;
			productType = "com.apple.product-type.application";
		};
/* End PBXNativeTarget section */

/* Begin PBXProject section */
		E3F49D8E20DF1385006AFACE /* Project object */ = {
			isa = PBXProject;
			attributes = {
				LastSwiftUpdateCheck = 0940;
				LastUpgradeCheck = 0940;
				ORGANIZATIONNAME = denise;
				TargetAttributes = {
					E3F49D9520DF1385006AFACE = {
						CreatedOnToolsVersion = 9.4;
						LastSwiftMigration = 1010;
					};
				};
			};
			buildConfigurationList = E3F49D9120DF1385006AFACE /* Build configuration list for PBXProject "DeniseApp" */;
			compatibilityVersion = "Xcode 9.3";
			developmentRegion = en;
			hasScannedForEncodings = 0;
			knownRegions = (
				en,
				Base,
			);
			mainGroup = E3F49D8D20DF1385006AFACE;
			productRefGroup = E3F49D9720DF1385006AFACE /* Products */;
			projectDirPath = "";
			projectRoot = "";
			targets = (
				E3F49D9520DF1385006AFACE /* DeniseApp */,
			);
		};
/* End PBXProject section */

/* Begin PBXResourcesBuildPhase section */
		E3F49D9420DF1385006AFACE /* Resources */ = {
			isa = PBXResourcesBuildPhase;
			buildActionMask = 2147483647;
			files = (
				E3F49D9E20DF1387006AFACE /* Assets.xcassets in Resources */,
				E3F49DA120DF1387006AFACE /* Main.storyboard in Resources */,
			);
			runOnlyForDeploymentPostprocessing = 0;
		};
/* End PBXResourcesBuildPhase section */

/* Begin PBXSourcesBuildPhase section */
		E3F49D9220DF1385006AFACE /* Sources */ = {
			isa = PBXSourcesBuildPhase;
			buildActionMask = 2147483647;
			files = (
				E3F49DB820E043C2006AFACE /* CustomView.swift in Sources */,
				E328297D21B983C700829E70 /* EventMonitor.swift in Sources */,
				E3F49D9C20DF1385006AFACE /* ViewController.swift in Sources */,
				E3F49D9A20DF1385006AFACE /* AppDelegate.swift in Sources */,
			);
			runOnlyForDeploymentPostprocessing = 0;
		};
/* End PBXSourcesBuildPhase section */

/* Begin PBXVariantGroup section */
		E3F49D9F20DF1387006AFACE /* Main.storyboard */ = {
			isa = PBXVariantGroup;
			children = (
				E3F49DA020DF1387006AFACE /* Base */,
			);
			name = Main.storyboard;
			sourceTree = "<group>";
		};
/* End PBXVariantGroup section */

/* Begin XCBuildConfiguration section */
		E3F49DA420DF1387006AFACE /* Debug */ = {
			isa = XCBuildConfiguration;
			buildSettings = {
				ALWAYS_SEARCH_USER_PATHS = NO;
				CLANG_ANALYZER_NONNULL = YES;
				CLANG_ANALYZER_NUMBER_OBJECT_CONVERSION = YES_AGGRESSIVE;
				CLANG_CXX_LANGUAGE_STANDARD = "gnu++14";
				CLANG_CXX_LIBRARY = "libc++";
				CLANG_ENABLE_MODULES = YES;
				CLANG_ENABLE_OBJC_ARC = YES;
				CLANG_ENABLE_OBJC_WEAK = YES;
				CLANG_WARN_BLOCK_CAPTURE_AUTORELEASING = YES;
				CLANG_WARN_BOOL_CONVERSION = YES;
				CLANG_WARN_COMMA = YES;
				CLANG_WARN_CONSTANT_CONVERSION = YES;
				CLANG_WARN_DEPRECATED_OBJC_IMPLEMENTATIONS = YES;
				CLANG_WARN_DIRECT_OBJC_ISA_USAGE = YES_ERROR;
				CLANG_WARN_DOCUMENTATION_COMMENTS = YES;
				CLANG_WARN_EMPTY_BODY = YES;
				CLANG_WARN_ENUM_CONVERSION = YES;
				CLANG_WARN_INFINITE_RECURSION = YES;
				CLANG_WARN_INT_CONVERSION = YES;
				CLANG_WARN_NON_LITERAL_NULL_CONVERSION = YES;
				CLANG_WARN_OBJC_IMPLICIT_RETAIN_SELF = YES;
				CLANG_WARN_OBJC_LITERAL_CONVERSION = YES;
				CLANG_WARN_OBJC_ROOT_CLASS = YES_ERROR;
				CLANG_WARN_RANGE_LOOP_ANALYSIS = YES;
				CLANG_WARN_STRICT_PROTOTYPES = YES;
				CLANG_WARN_SUSPICIOUS_MOVE = YES;
				CLANG_WARN_UNGUARDED_AVAILABILITY = YES_AGGRESSIVE;
				CLANG_WARN_UNREACHABLE_CODE = YES;
				CLANG_WARN__DUPLICATE_METHOD_MATCH = YES;
				CODE_SIGN_IDENTITY = "-";
				COPY_PHASE_STRIP = NO;
				DEBUG_INFORMATION_FORMAT = dwarf;
				ENABLE_STRICT_OBJC_MSGSEND = YES;
				ENABLE_TESTABILITY = YES;
				GCC_C_LANGUAGE_STANDARD = gnu11;
				GCC_DYNAMIC_NO_PIC = NO;
				GCC_NO_COMMON_BLOCKS = YES;
				GCC_OPTIMIZATION_LEVEL = 0;
				GCC_PREPROCESSOR_DEFINITIONS = (
					"DEBUG=1",
					"$(inherited)",
				);
				GCC_WARN_64_TO_32_BIT_CONVERSION = YES;
				GCC_WARN_ABOUT_RETURN_TYPE = YES_ERROR;
				GCC_WARN_UNDECLARED_SELECTOR = YES;
				GCC_WARN_UNINITIALIZED_AUTOS = YES_AGGRESSIVE;
				GCC_WARN_UNUSED_FUNCTION = YES;
				GCC_WARN_UNUSED_VARIABLE = YES;
				MACOSX_DEPLOYMENT_TARGET = 10.13;
				MTL_ENABLE_DEBUG_INFO = YES;
				ONLY_ACTIVE_ARCH = YES;
				SDKROOT = macosx;
				SWIFT_ACTIVE_COMPILATION_CONDITIONS = DEBUG;
				SWIFT_OPTIMIZATION_LEVEL = "-Onone";
			};
			name = Debug;
		};
		E3F49DA520DF1387006AFACE /* Release */ = {
			isa = XCBuildConfiguration;
			buildSettings = {
				ALWAYS_SEARCH_USER_PATHS = NO;
				CLANG_ANALYZER_NONNULL = YES;
				CLANG_ANALYZER_NUMBER_OBJECT_CONVERSION = YES_AGGRESSIVE;
				CLANG_CXX_LANGUAGE_STANDARD = "gnu++14";
				CLANG_CXX_LIBRARY = "libc++";
				CLANG_ENABLE_MODULES = YES;
				CLANG_ENABLE_OBJC_ARC = YES;
				CLANG_ENABLE_OBJC_WEAK = YES;
				CLANG_WARN_BLOCK_CAPTURE_AUTORELEASING = YES;
				CLANG_WARN_BOOL_CONVERSION = YES;
				CLANG_WARN_COMMA = YES;
				CLANG_WARN_CONSTANT_CONVERSION = YES;
				CLANG_WARN_DEPRECATED_OBJC_IMPLEMENTATIONS = YES;
				CLANG_WARN_DIRECT_OBJC_ISA_USAGE = YES_ERROR;
				CLANG_WARN_DOCUMENTATION_COMMENTS = YES;
				CLANG_WARN_EMPTY_BODY = YES;
				CLANG_WARN_ENUM_CONVERSION = YES;
				CLANG_WARN_INFINITE_RECURSION = YES;
				CLANG_WARN_INT_CONVERSION = YES;
				CLANG_WARN_NON_LITERAL_NULL_CONVERSION = YES;
				CLANG_WARN_OBJC_IMPLICIT_RETAIN_SELF = YES;
				CLANG_WARN_OBJC_LITERAL_CONVERSION = YES;
				CLANG_WARN_OBJC_ROOT_CLASS = YES_ERROR;
				CLANG_WARN_RANGE_LOOP_ANALYSIS = YES;
				CLANG_WARN_STRICT_PROTOTYPES = YES;
				CLANG_WARN_SUSPICIOUS_MOVE = YES;
				CLANG_WARN_UNGUARDED_AVAILABILITY = YES_AGGRESSIVE;
				CLANG_WARN_UNREACHABLE_CODE = YES;
				CLANG_WARN__DUPLICATE_METHOD_MATCH = YES;
				CODE_SIGN_IDENTITY = "-";
				COPY_PHASE_STRIP = NO;
				DEBUG_INFORMATION_FORMAT = "dwarf-with-dsym";
				ENABLE_NS_ASSERTIONS = NO;
				ENABLE_STRICT_OBJC_MSGSEND = YES;
				GCC_C_LANGUAGE_STANDARD = gnu11;
				GCC_NO_COMMON_BLOCKS = YES;
				GCC_WARN_64_TO_32_BIT_CONVERSION = YES;
				GCC_WARN_ABOUT_RETURN_TYPE = YES_ERROR;
				GCC_WARN_UNDECLARED_SELECTOR = YES;
				GCC_WARN_UNINITIALIZED_AUTOS = YES_AGGRESSIVE;
				GCC_WARN_UNUSED_FUNCTION = YES;
				GCC_WARN_UNUSED_VARIABLE = YES;
				MACOSX_DEPLOYMENT_TARGET = 10.13;
				MTL_ENABLE_DEBUG_INFO = NO;
				SDKROOT = macosx;
				SWIFT_COMPILATION_MODE = wholemodule;
				SWIFT_OPTIMIZATION_LEVEL = "-O";
			};
			name = Release;
		};
		E3F49DA720DF1387006AFACE /* Debug */ = {
			isa = XCBuildConfiguration;
			buildSettings = {
				ASSETCATALOG_COMPILER_APPICON_NAME = AppIcon;
				CLANG_CXX_LANGUAGE_STANDARD = "gnu++17";
				CLANG_ENABLE_MODULES = YES;
				CODE_SIGN_ENTITLEMENTS = DeniseApp/DeniseApp.entitlements;
				CODE_SIGN_STYLE = Automatic;
				COMBINE_HIDPI_IMAGES = YES;
				INFOPLIST_FILE = DeniseApp/Info.plist;
				LD_RUNPATH_SEARCH_PATHS = (
					"$(inherited)",
					"@executable_path/../Frameworks",
				);
				PRODUCT_BUNDLE_IDENTIFIER = io.denise.DeniseApp;
				PRODUCT_NAME = "$(TARGET_NAME)";
				SWIFT_OBJC_BRIDGING_HEADER = "DeniseApp/DeniseApp-Bridging-Header.h";
				SWIFT_OPTIMIZATION_LEVEL = "-Onone";
				SWIFT_VERSION = 4.0;
			};
			name = Debug;
		};
		E3F49DA820DF1387006AFACE /* Release */ = {
			isa = XCBuildConfiguration;
			buildSettings = {
				ASSETCATALOG_COMPILER_APPICON_NAME = AppIcon;
				CLANG_CXX_LANGUAGE_STANDARD = "gnu++17";
				CLANG_ENABLE_MODULES = YES;
				CODE_SIGN_ENTITLEMENTS = DeniseApp/DeniseApp.entitlements;
				CODE_SIGN_STYLE = Automatic;
				COMBINE_HIDPI_IMAGES = YES;
				INFOPLIST_FILE = DeniseApp/Info.plist;
				LD_RUNPATH_SEARCH_PATHS = (
					"$(inherited)",
					"@executable_path/../Frameworks",
				);
				PRODUCT_BUNDLE_IDENTIFIER = io.denise.DeniseApp;
				PRODUCT_NAME = "$(TARGET_NAME)";
				SWIFT_OBJC_BRIDGING_HEADER = "DeniseApp/DeniseApp-Bridging-Header.h";
				SWIFT_VERSION = 4.0;
			};
			name = Release;
		};
/* End XCBuildConfiguration section */

/* Begin XCConfigurationList section */
		E3F49D9120DF1385006AFACE /* Build configuration list for PBXProject "DeniseApp" */ = {
			isa = XCConfigurationList;
			buildConfigurations = (
				E3F49DA420DF1387006AFACE /* Debug */,
				E3F49DA520DF1387006AFACE /* Release */,
			);
			defaultConfigurationIsVisible = 0;
			defaultConfigurationName = Release;
		};
		E3F49DA620DF1387006AFACE /* Build configuration list for PBXNativeTarget "DeniseApp" */ = {
			isa = XCConfigurationList;
			buildConfigurations = (
				E3F49DA720DF1387006AFACE /* Debug */,
				E3F49DA820DF1387006AFACE /* Release */,
			);
			defaultConfigurationIsVisible = 0;
			defaultConfigurationName = Release;
		};
/* End XCConfigurationList section */
	};
	rootObject = E3F49D8E20DF1385006AFACE /* Project object */;
}
